// !$*UTF8*$!
{
	archiveVersion = 1;
	classes = {
	};
	objectVersion = 46;
	objects = {

/* Begin PBXBuildFile section */
		21CF8AB817F0021600E9499F /* NSURLConnectionWithTag.m in Sources */ = {isa = PBXBuildFile; fileRef = 21CF8AB717F0021600E9499F /* NSURLConnectionWithTag.m */; };
		21CF8ABA17F002AA00E9499F /* ClassAdditions.m in Sources */ = {isa = PBXBuildFile; fileRef = 21CF8AB917F002AA00E9499F /* ClassAdditions.m */; };
		21CF8ABD17F0049C00E9499F /* CallQueue.m in Sources */ = {isa = PBXBuildFile; fileRef = 21CF8ABC17F0049C00E9499F /* CallQueue.m */; };
		21CF8AC017F010DC00E9499F /* StateQuestionsAndAnswers.m in Sources */ = {isa = PBXBuildFile; fileRef = 21CF8ABF17F010DC00E9499F /* StateQuestionsAndAnswers.m */; };
		21FB150017E6981D00DE8A6D /* UIKit.framework in Frameworks */ = {isa = PBXBuildFile; fileRef = 21FB14FF17E6981D00DE8A6D /* UIKit.framework */; };
		21FB150217E6981D00DE8A6D /* Foundation.framework in Frameworks */ = {isa = PBXBuildFile; fileRef = 21FB150117E6981D00DE8A6D /* Foundation.framework */; };
		21FB150417E6981D00DE8A6D /* CoreGraphics.framework in Frameworks */ = {isa = PBXBuildFile; fileRef = 21FB150317E6981D00DE8A6D /* CoreGraphics.framework */; };
		21FB150A17E6981D00DE8A6D /* InfoPlist.strings in Resources */ = {isa = PBXBuildFile; fileRef = 21FB150817E6981D00DE8A6D /* InfoPlist.strings */; };
		21FB150C17E6981D00DE8A6D /* main.m in Sources */ = {isa = PBXBuildFile; fileRef = 21FB150B17E6981D00DE8A6D /* main.m */; };
		21FB151017E6981D00DE8A6D /* AppDelegate.m in Sources */ = {isa = PBXBuildFile; fileRef = 21FB150F17E6981D00DE8A6D /* AppDelegate.m */; };
		21FB151217E6981D00DE8A6D /* Default.png in Resources */ = {isa = PBXBuildFile; fileRef = 21FB151117E6981D00DE8A6D /* Default.png */; };
		21FB151417E6981D00DE8A6D /* Default@2x.png in Resources */ = {isa = PBXBuildFile; fileRef = 21FB151317E6981D00DE8A6D /* Default@2x.png */; };
		21FB151617E6981D00DE8A6D /* Default-568h@2x.png in Resources */ = {isa = PBXBuildFile; fileRef = 21FB151517E6981D00DE8A6D /* Default-568h@2x.png */; };
		21FB151B17E6981D00DE8A6D /* first.png in Resources */ = {isa = PBXBuildFile; fileRef = 21FB151A17E6981D00DE8A6D /* first.png */; };
		21FB151D17E6981D00DE8A6D /* first@2x.png in Resources */ = {isa = PBXBuildFile; fileRef = 21FB151C17E6981D00DE8A6D /* first@2x.png */; };
		21FB152017E6981D00DE8A6D /* SecondViewController.m in Sources */ = {isa = PBXBuildFile; fileRef = 21FB151F17E6981D00DE8A6D /* SecondViewController.m */; };
		21FB152217E6981D00DE8A6D /* second.png in Resources */ = {isa = PBXBuildFile; fileRef = 21FB152117E6981D00DE8A6D /* second.png */; };
		21FB152417E6981D00DE8A6D /* second@2x.png in Resources */ = {isa = PBXBuildFile; fileRef = 21FB152317E6981D00DE8A6D /* second@2x.png */; };
		21FB152D17E6981D00DE8A6D /* SecondViewController_iPhone.xib in Resources */ = {isa = PBXBuildFile; fileRef = 21FB152B17E6981D00DE8A6D /* SecondViewController_iPhone.xib */; };
		21FB153017E6981E00DE8A6D /* SecondViewController_iPad.xib in Resources */ = {isa = PBXBuildFile; fileRef = 21FB152E17E6981E00DE8A6D /* SecondViewController_iPad.xib */; };
		21FB155617EA524200DE8A6D /* libOAuthTouch2.a in Frameworks */ = {isa = PBXBuildFile; fileRef = 21FB155317EA51B500DE8A6D /* libOAuthTouch2.a */; settings = {ATTRIBUTES = (Required, ); }; };
		21FB155E17EA58AE00DE8A6D /* LicenceTableViewController.m in Sources */ = {isa = PBXBuildFile; fileRef = 21FB155D17EA58AE00DE8A6D /* LicenceTableViewController.m */; };
		21FB156217EA5A0600DE8A6D /* License.m in Sources */ = {isa = PBXBuildFile; fileRef = 21FB156117EA5A0600DE8A6D /* License.m */; };
/* End PBXBuildFile section */

/* Begin PBXContainerItemProxy section */
		21FB155217EA51B500DE8A6D /* PBXContainerItemProxy */ = {
			isa = PBXContainerItemProxy;
			containerPortal = 21FB154B17EA51B400DE8A6D /* GTMOAuth2.xcodeproj */;
			proxyType = 2;
			remoteGlobalIDString = D2AAC07E0554694100DB518D;
			remoteInfo = OAuthTouchStaticLib;
		};
		21FB155417EA51B500DE8A6D /* PBXContainerItemProxy */ = {
			isa = PBXContainerItemProxy;
			containerPortal = 21FB154B17EA51B400DE8A6D /* GTMOAuth2.xcodeproj */;
			proxyType = 2;
			remoteGlobalIDString = 4FC754FA13E77E25006A0C26;
			remoteInfo = OAuthTouchNonGoogleStaticLib;
		};
/* End PBXContainerItemProxy section */

/* Begin PBXFileReference section */
		21CF8AB617F0021600E9499F /* NSURLConnectionWithTag.h */ = {isa = PBXFileReference; fileEncoding = 4; lastKnownFileType = sourcecode.c.h; path = NSURLConnectionWithTag.h; sourceTree = "<group>"; };
		21CF8AB717F0021600E9499F /* NSURLConnectionWithTag.m */ = {isa = PBXFileReference; fileEncoding = 4; lastKnownFileType = sourcecode.c.objc; path = NSURLConnectionWithTag.m; sourceTree = "<group>"; };
		21CF8AB917F002AA00E9499F /* ClassAdditions.m */ = {isa = PBXFileReference; fileEncoding = 4; lastKnownFileType = sourcecode.c.objc; path = ClassAdditions.m; sourceTree = "<group>"; };
		21CF8ABB17F0049C00E9499F /* CallQueue.h */ = {isa = PBXFileReference; fileEncoding = 4; lastKnownFileType = sourcecode.c.h; path = CallQueue.h; sourceTree = "<group>"; };
		21CF8ABC17F0049C00E9499F /* CallQueue.m */ = {isa = PBXFileReference; fileEncoding = 4; lastKnownFileType = sourcecode.c.objc; path = CallQueue.m; sourceTree = "<group>"; };
		21CF8ABE17F010DC00E9499F /* StateQuestionsAndAnswers.h */ = {isa = PBXFileReference; fileEncoding = 4; lastKnownFileType = sourcecode.c.h; path = StateQuestionsAndAnswers.h; sourceTree = "<group>"; };
		21CF8ABF17F010DC00E9499F /* StateQuestionsAndAnswers.m */ = {isa = PBXFileReference; fileEncoding = 4; lastKnownFileType = sourcecode.c.objc; path = StateQuestionsAndAnswers.m; sourceTree = "<group>"; };
		21FB14FC17E6981D00DE8A6D /* Salesman Companion.app */ = {isa = PBXFileReference; explicitFileType = wrapper.application; includeInIndex = 0; path = "Salesman Companion.app"; sourceTree = BUILT_PRODUCTS_DIR; };
		21FB14FF17E6981D00DE8A6D /* UIKit.framework */ = {isa = PBXFileReference; lastKnownFileType = wrapper.framework; name = UIKit.framework; path = System/Library/Frameworks/UIKit.framework; sourceTree = SDKROOT; };
		21FB150117E6981D00DE8A6D /* Foundation.framework */ = {isa = PBXFileReference; lastKnownFileType = wrapper.framework; name = Foundation.framework; path = System/Library/Frameworks/Foundation.framework; sourceTree = SDKROOT; };
		21FB150317E6981D00DE8A6D /* CoreGraphics.framework */ = {isa = PBXFileReference; lastKnownFileType = wrapper.framework; name = CoreGraphics.framework; path = System/Library/Frameworks/CoreGraphics.framework; sourceTree = SDKROOT; };
		21FB150717E6981D00DE8A6D /* Salesman Companion-Info.plist */ = {isa = PBXFileReference; lastKnownFileType = text.plist.xml; path = "Salesman Companion-Info.plist"; sourceTree = "<group>"; };
		21FB150917E6981D00DE8A6D /* en */ = {isa = PBXFileReference; lastKnownFileType = text.plist.strings; name = en; path = en.lproj/InfoPlist.strings; sourceTree = "<group>"; };
		21FB150B17E6981D00DE8A6D /* main.m */ = {isa = PBXFileReference; lastKnownFileType = sourcecode.c.objc; path = main.m; sourceTree = "<group>"; };
		21FB150D17E6981D00DE8A6D /* Salesman Companion-Prefix.pch */ = {isa = PBXFileReference; lastKnownFileType = sourcecode.c.h; path = "Salesman Companion-Prefix.pch"; sourceTree = "<group>"; };
		21FB150E17E6981D00DE8A6D /* AppDelegate.h */ = {isa = PBXFileReference; lastKnownFileType = sourcecode.c.h; path = AppDelegate.h; sourceTree = "<group>"; };
		21FB150F17E6981D00DE8A6D /* AppDelegate.m */ = {isa = PBXFileReference; lastKnownFileType = sourcecode.c.objc; path = AppDelegate.m; sourceTree = "<group>"; };
		21FB151117E6981D00DE8A6D /* Default.png */ = {isa = PBXFileReference; lastKnownFileType = image.png; path = Default.png; sourceTree = "<group>"; };
		21FB151317E6981D00DE8A6D /* Default@2x.png */ = {isa = PBXFileReference; lastKnownFileType = image.png; path = "Default@2x.png"; sourceTree = "<group>"; };
		21FB151517E6981D00DE8A6D /* Default-568h@2x.png */ = {isa = PBXFileReference; lastKnownFileType = image.png; path = "Default-568h@2x.png"; sourceTree = "<group>"; };
		21FB151A17E6981D00DE8A6D /* first.png */ = {isa = PBXFileReference; lastKnownFileType = image.png; path = first.png; sourceTree = "<group>"; };
		21FB151C17E6981D00DE8A6D /* first@2x.png */ = {isa = PBXFileReference; lastKnownFileType = image.png; path = "first@2x.png"; sourceTree = "<group>"; };
		21FB151E17E6981D00DE8A6D /* SecondViewController.h */ = {isa = PBXFileReference; lastKnownFileType = sourcecode.c.h; path = SecondViewController.h; sourceTree = "<group>"; };
		21FB151F17E6981D00DE8A6D /* SecondViewController.m */ = {isa = PBXFileReference; lastKnownFileType = sourcecode.c.objc; path = SecondViewController.m; sourceTree = "<group>"; };
		21FB152117E6981D00DE8A6D /* second.png */ = {isa = PBXFileReference; lastKnownFileType = image.png; path = second.png; sourceTree = "<group>"; };
		21FB152317E6981D00DE8A6D /* second@2x.png */ = {isa = PBXFileReference; lastKnownFileType = image.png; path = "second@2x.png"; sourceTree = "<group>"; };
		21FB152C17E6981D00DE8A6D /* en */ = {isa = PBXFileReference; lastKnownFileType = file.xib; name = en; path = en.lproj/SecondViewController_iPhone.xib; sourceTree = "<group>"; };
		21FB152F17E6981E00DE8A6D /* en */ = {isa = PBXFileReference; lastKnownFileType = file.xib; name = en; path = en.lproj/SecondViewController_iPad.xib; sourceTree = "<group>"; };
		21FB154B17EA51B400DE8A6D /* GTMOAuth2.xcodeproj */ = {isa = PBXFileReference; lastKnownFileType = "wrapper.pb-project"; name = GTMOAuth2.xcodeproj; path = "../../../Downloads/google-api-objectivec-client-read-only/Source/OAuth2/GTMOAuth2.xcodeproj"; sourceTree = "<group>"; };
		21FB155C17EA58AE00DE8A6D /* LicenceTableViewController.h */ = {isa = PBXFileReference; fileEncoding = 4; lastKnownFileType = sourcecode.c.h; path = LicenceTableViewController.h; sourceTree = "<group>"; };
		21FB155D17EA58AE00DE8A6D /* LicenceTableViewController.m */ = {isa = PBXFileReference; fileEncoding = 4; lastKnownFileType = sourcecode.c.objc; path = LicenceTableViewController.m; sourceTree = "<group>"; };
		21FB156017EA5A0600DE8A6D /* License.h */ = {isa = PBXFileReference; fileEncoding = 4; lastKnownFileType = sourcecode.c.h; path = License.h; sourceTree = "<group>"; };
		21FB156117EA5A0600DE8A6D /* License.m */ = {isa = PBXFileReference; fileEncoding = 4; lastKnownFileType = sourcecode.c.objc; path = License.m; sourceTree = "<group>"; };
/* End PBXFileReference section */

/* Begin PBXFrameworksBuildPhase section */
		21FB14F917E6981D00DE8A6D /* Frameworks */ = {
			isa = PBXFrameworksBuildPhase;
			buildActionMask = 2147483647;
			files = (
				21FB155617EA524200DE8A6D /* libOAuthTouch2.a in Frameworks */,
				21FB150017E6981D00DE8A6D /* UIKit.framework in Frameworks */,
				21FB150217E6981D00DE8A6D /* Foundation.framework in Frameworks */,
				21FB150417E6981D00DE8A6D /* CoreGraphics.framework in Frameworks */,
			);
			runOnlyForDeploymentPostprocessing = 0;
		};
/* End PBXFrameworksBuildPhase section */

/* Begin PBXGroup section */
		21FB14F317E6981D00DE8A6D = {
			isa = PBXGroup;
			children = (
				21FB150517E6981D00DE8A6D /* Salesman Companion */,
				21FB14FE17E6981D00DE8A6D /* Frameworks */,
				21FB14FD17E6981D00DE8A6D /* Products */,
				21FB154B17EA51B400DE8A6D /* GTMOAuth2.xcodeproj */,
			);
			sourceTree = "<group>";
		};
		21FB14FD17E6981D00DE8A6D /* Products */ = {
			isa = PBXGroup;
			children = (
				21FB14FC17E6981D00DE8A6D /* Salesman Companion.app */,
			);
			name = Products;
			sourceTree = "<group>";
		};
		21FB14FE17E6981D00DE8A6D /* Frameworks */ = {
			isa = PBXGroup;
			children = (
				21FB14FF17E6981D00DE8A6D /* UIKit.framework */,
				21FB150117E6981D00DE8A6D /* Foundation.framework */,
				21FB150317E6981D00DE8A6D /* CoreGraphics.framework */,
			);
			name = Frameworks;
			sourceTree = "<group>";
		};
		21FB150517E6981D00DE8A6D /* Salesman Companion */ = {
			isa = PBXGroup;
			children = (
				21CF8ABB17F0049C00E9499F /* CallQueue.h */,
				21CF8ABC17F0049C00E9499F /* CallQueue.m */,
				21CF8AB917F002AA00E9499F /* ClassAdditions.m */,
				21CF8AB617F0021600E9499F /* NSURLConnectionWithTag.h */,
				21CF8AB717F0021600E9499F /* NSURLConnectionWithTag.m */,
				21FB155F17EA59E700DE8A6D /* Models */,
				21FB150E17E6981D00DE8A6D /* AppDelegate.h */,
				21FB150F17E6981D00DE8A6D /* AppDelegate.m */,
				21FB151A17E6981D00DE8A6D /* first.png */,
				21FB151C17E6981D00DE8A6D /* first@2x.png */,
				21FB151E17E6981D00DE8A6D /* SecondViewController.h */,
				21FB151F17E6981D00DE8A6D /* SecondViewController.m */,
				21FB152117E6981D00DE8A6D /* second.png */,
				21FB152317E6981D00DE8A6D /* second@2x.png */,
				21FB152B17E6981D00DE8A6D /* SecondViewController_iPhone.xib */,
				21FB152E17E6981E00DE8A6D /* SecondViewController_iPad.xib */,
				21FB150617E6981D00DE8A6D /* Supporting Files */,
				21FB155C17EA58AE00DE8A6D /* LicenceTableViewController.h */,
				21FB155D17EA58AE00DE8A6D /* LicenceTableViewController.m */,
			);
			path = "Salesman Companion";
			sourceTree = "<group>";
		};
		21FB150617E6981D00DE8A6D /* Supporting Files */ = {
			isa = PBXGroup;
			children = (
				21FB150717E6981D00DE8A6D /* Salesman Companion-Info.plist */,
				21FB150817E6981D00DE8A6D /* InfoPlist.strings */,
				21FB150B17E6981D00DE8A6D /* main.m */,
				21FB150D17E6981D00DE8A6D /* Salesman Companion-Prefix.pch */,
				21FB151117E6981D00DE8A6D /* Default.png */,
				21FB151317E6981D00DE8A6D /* Default@2x.png */,
				21FB151517E6981D00DE8A6D /* Default-568h@2x.png */,
			);
			name = "Supporting Files";
			sourceTree = "<group>";
		};
		21FB154C17EA51B400DE8A6D /* Products */ = {
			isa = PBXGroup;
			children = (
				21FB155517EA51B500DE8A6D /* libOAuthTouch2NG.a */,
				21FB155317EA51B500DE8A6D /* libOAuthTouch2.a */,
			);
			name = Products;
			sourceTree = "<group>";
		};
		21FB155F17EA59E700DE8A6D /* Models */ = {
			isa = PBXGroup;
			children = (
				21FB156017EA5A0600DE8A6D /* License.h */,
				21FB156117EA5A0600DE8A6D /* License.m */,
				21CF8ABE17F010DC00E9499F /* StateQuestionsAndAnswers.h */,
				21CF8ABF17F010DC00E9499F /* StateQuestionsAndAnswers.m */,
			);
			name = Models;
			sourceTree = "<group>";
		};
/* End PBXGroup section */

/* Begin PBXNativeTarget section */
		21FB14FB17E6981D00DE8A6D /* Salesman Companion */ = {
			isa = PBXNativeTarget;
			buildConfigurationList = 21FB153317E6981E00DE8A6D /* Build configuration list for PBXNativeTarget "Salesman Companion" */;
			buildPhases = (
				21FB14F817E6981D00DE8A6D /* Sources */,
				21FB14F917E6981D00DE8A6D /* Frameworks */,
				21FB14FA17E6981D00DE8A6D /* Resources */,
			);
			buildRules = (
			);
			dependencies = (
			);
			name = "Salesman Companion";
			productName = "Salesman Companion";
			productReference = 21FB14FC17E6981D00DE8A6D /* Salesman Companion.app */;
			productType = "com.apple.product-type.application";
		};
/* End PBXNativeTarget section */

/* Begin PBXProject section */
		21FB14F417E6981D00DE8A6D /* Project object */ = {
			isa = PBXProject;
			attributes = {
				LastUpgradeCheck = 0460;
				ORGANIZATIONNAME = "McCord Inc";
			};
			buildConfigurationList = 21FB14F717E6981D00DE8A6D /* Build configuration list for PBXProject "Salesman Companion" */;
			compatibilityVersion = "Xcode 3.2";
			developmentRegion = English;
			hasScannedForEncodings = 0;
			knownRegions = (
				en,
			);
			mainGroup = 21FB14F317E6981D00DE8A6D;
			productRefGroup = 21FB14FD17E6981D00DE8A6D /* Products */;
			projectDirPath = "";
			projectReferences = (
				{
					ProductGroup = 21FB154C17EA51B400DE8A6D /* Products */;
					ProjectRef = 21FB154B17EA51B400DE8A6D /* GTMOAuth2.xcodeproj */;
				},
			);
			projectRoot = "";
			targets = (
				21FB14FB17E6981D00DE8A6D /* Salesman Companion */,
			);
		};
/* End PBXProject section */

/* Begin PBXReferenceProxy section */
		21FB155317EA51B500DE8A6D /* libOAuthTouch2.a */ = {
			isa = PBXReferenceProxy;
			fileType = archive.ar;
			path = libOAuthTouch2.a;
			remoteRef = 21FB155217EA51B500DE8A6D /* PBXContainerItemProxy */;
			sourceTree = BUILT_PRODUCTS_DIR;
		};
		21FB155517EA51B500DE8A6D /* libOAuthTouch2NG.a */ = {
			isa = PBXReferenceProxy;
			fileType = archive.ar;
			path = libOAuthTouch2NG.a;
			remoteRef = 21FB155417EA51B500DE8A6D /* PBXContainerItemProxy */;
			sourceTree = BUILT_PRODUCTS_DIR;
		};
/* End PBXReferenceProxy section */

/* Begin PBXResourcesBuildPhase section */
		21FB14FA17E6981D00DE8A6D /* Resources */ = {
			isa = PBXResourcesBuildPhase;
			buildActionMask = 2147483647;
			files = (
				21FB150A17E6981D00DE8A6D /* InfoPlist.strings in Resources */,
				21FB151217E6981D00DE8A6D /* Default.png in Resources */,
				21FB151417E6981D00DE8A6D /* Default@2x.png in Resources */,
				21FB151617E6981D00DE8A6D /* Default-568h@2x.png in Resources */,
				21FB151B17E6981D00DE8A6D /* first.png in Resources */,
				21FB151D17E6981D00DE8A6D /* first@2x.png in Resources */,
				21FB152217E6981D00DE8A6D /* second.png in Resources */,
				21FB152417E6981D00DE8A6D /* second@2x.png in Resources */,
				21FB152D17E6981D00DE8A6D /* SecondViewController_iPhone.xib in Resources */,
				21FB153017E6981E00DE8A6D /* SecondViewController_iPad.xib in Resources */,
			);
			runOnlyForDeploymentPostprocessing = 0;
		};
/* End PBXResourcesBuildPhase section */

/* Begin PBXSourcesBuildPhase section */
		21FB14F817E6981D00DE8A6D /* Sources */ = {
			isa = PBXSourcesBuildPhase;
			buildActionMask = 2147483647;
			files = (
				21FB150C17E6981D00DE8A6D /* main.m in Sources */,
				21CF8AB817F0021600E9499F /* NSURLConnectionWithTag.m in Sources */,
				21CF8ABA17F002AA00E9499F /* ClassAdditions.m in Sources */,
				21CF8AC017F010DC00E9499F /* StateQuestionsAndAnswers.m in Sources */,
				21FB151017E6981D00DE8A6D /* AppDelegate.m in Sources */,
				21FB152017E6981D00DE8A6D /* SecondViewController.m in Sources */,
				21FB155E17EA58AE00DE8A6D /* LicenceTableViewController.m in Sources */,
				21FB156217EA5A0600DE8A6D /* License.m in Sources */,
				21CF8ABD17F0049C00E9499F /* CallQueue.m in Sources */,
			);
			runOnlyForDeploymentPostprocessing = 0;
		};
/* End PBXSourcesBuildPhase section */

/* Begin PBXVariantGroup section */
		21FB150817E6981D00DE8A6D /* InfoPlist.strings */ = {
			isa = PBXVariantGroup;
			children = (
				21FB150917E6981D00DE8A6D /* en */,
			);
			name = InfoPlist.strings;
			sourceTree = "<group>";
		};
		21FB152B17E6981D00DE8A6D /* SecondViewController_iPhone.xib */ = {
			isa = PBXVariantGroup;
			children = (
				21FB152C17E6981D00DE8A6D /* en */,
			);
			name = SecondViewController_iPhone.xib;
			sourceTree = "<group>";
		};
		21FB152E17E6981E00DE8A6D /* SecondViewController_iPad.xib */ = {
			isa = PBXVariantGroup;
			children = (
				21FB152F17E6981E00DE8A6D /* en */,
			);
			name = SecondViewController_iPad.xib;
			sourceTree = "<group>";
		};
/* End PBXVariantGroup section */

/* Begin XCBuildConfiguration section */
		21FB153117E6981E00DE8A6D /* Debug */ = {
			isa = XCBuildConfiguration;
			buildSettings = {
				ALWAYS_SEARCH_USER_PATHS = NO;
				CLANG_CXX_LANGUAGE_STANDARD = "gnu++0x";
				CLANG_CXX_LIBRARY = "libc++";
				CLANG_ENABLE_OBJC_ARC = YES;
				CLANG_WARN_CONSTANT_CONVERSION = YES;
				CLANG_WARN_EMPTY_BODY = YES;
				CLANG_WARN_ENUM_CONVERSION = YES;
				CLANG_WARN_INT_CONVERSION = YES;
				CLANG_WARN__DUPLICATE_METHOD_MATCH = YES;
				"CODE_SIGN_IDENTITY[sdk=iphoneos*]" = "iPhone Developer";
				COPY_PHASE_STRIP = NO;
				GCC_C_LANGUAGE_STANDARD = gnu99;
				GCC_DYNAMIC_NO_PIC = NO;
				GCC_OPTIMIZATION_LEVEL = 0;
				GCC_PREPROCESSOR_DEFINITIONS = (
					"DEBUG=1",
					"$(inherited)",
				);
				GCC_SYMBOLS_PRIVATE_EXTERN = NO;
				GCC_WARN_ABOUT_RETURN_TYPE = YES;
				GCC_WARN_UNINITIALIZED_AUTOS = YES;
				GCC_WARN_UNUSED_VARIABLE = YES;
				IPHONEOS_DEPLOYMENT_TARGET = 6.1;
				ONLY_ACTIVE_ARCH = YES;
				SDKROOT = iphoneos;
				TARGETED_DEVICE_FAMILY = "1,2";
			};
			name = Debug;
		};
		21FB153217E6981E00DE8A6D /* Release */ = {
			isa = XCBuildConfiguration;
			buildSettings = {
				ALWAYS_SEARCH_USER_PATHS = NO;
				CLANG_CXX_LANGUAGE_STANDARD = "gnu++0x";
				CLANG_CXX_LIBRARY = "libc++";
				CLANG_ENABLE_OBJC_ARC = YES;
				CLANG_WARN_CONSTANT_CONVERSION = YES;
				CLANG_WARN_EMPTY_BODY = YES;
				CLANG_WARN_ENUM_CONVERSION = YES;
				CLANG_WARN_INT_CONVERSION = YES;
				CLANG_WARN__DUPLICATE_METHOD_MATCH = YES;
				"CODE_SIGN_IDENTITY[sdk=iphoneos*]" = "iPhone Developer";
				COPY_PHASE_STRIP = YES;
				GCC_C_LANGUAGE_STANDARD = gnu99;
				GCC_WARN_ABOUT_RETURN_TYPE = YES;
				GCC_WARN_UNINITIALIZED_AUTOS = YES;
				GCC_WARN_UNUSED_VARIABLE = YES;
				IPHONEOS_DEPLOYMENT_TARGET = 6.1;
				OTHER_CFLAGS = "-DNS_BLOCK_ASSERTIONS=1";
				SDKROOT = iphoneos;
				TARGETED_DEVICE_FAMILY = "1,2";
				VALIDATE_PRODUCT = YES;
			};
			name = Release;
		};
		21FB153417E6981E00DE8A6D /* Debug */ = {
			isa = XCBuildConfiguration;
			buildSettings = {
				GCC_PRECOMPILE_PREFIX_HEADER = YES;
				GCC_PREFIX_HEADER = "Salesman Companion/Salesman Companion-Prefix.pch";
				INFOPLIST_FILE = "Salesman Companion/Salesman Companion-Info.plist";
				PRODUCT_NAME = "$(TARGET_NAME)";
				WRAPPER_EXTENSION = app;
			};
			name = Debug;
		};
		21FB153517E6981E00DE8A6D /* Release */ = {
			isa = XCBuildConfiguration;
			buildSettings = {
				GCC_PRECOMPILE_PREFIX_HEADER = YES;
				GCC_PREFIX_HEADER = "Salesman Companion/Salesman Companion-Prefix.pch";
				INFOPLIST_FILE = "Salesman Companion/Salesman Companion-Info.plist";
				PRODUCT_NAME = "$(TARGET_NAME)";
				WRAPPER_EXTENSION = app;
			};
			name = Release;
		};
/* End XCBuildConfiguration section */

/* Begin XCConfigurationList section */
		21FB14F717E6981D00DE8A6D /* Build configuration list for PBXProject "Salesman Companion" */ = {
			isa = XCConfigurationList;
			buildConfigurations = (
				21FB153117E6981E00DE8A6D /* Debug */,
				21FB153217E6981E00DE8A6D /* Release */,
			);
			defaultConfigurationIsVisible = 0;
			defaultConfigurationName = Release;
		};
		21FB153317E6981E00DE8A6D /* Build configuration list for PBXNativeTarget "Salesman Companion" */ = {
			isa = XCConfigurationList;
			buildConfigurations = (
				21FB153417E6981E00DE8A6D /* Debug */,
				21FB153517E6981E00DE8A6D /* Release */,
			);
			defaultConfigurationIsVisible = 0;
			defaultConfigurationName = Release;
		};
/* End XCConfigurationList section */
	};
	rootObject = 21FB14F417E6981D00DE8A6D /* Project object */;
}
